// !$*UTF8*$!
{
	archiveVersion = 1;
	classes = {
	};
	objectVersion = 46;
	objects = {

/* Begin PBXBuildFile section */
		C4FBA28D1C51D338006E21C4 /* main.m in Sources */ = {isa = PBXBuildFile; fileRef = C4FBA28C1C51D338006E21C4 /* main.m */; };
		C4FBA2901C51D338006E21C4 /* AppDelegate.m in Sources */ = {isa = PBXBuildFile; fileRef = C4FBA28F1C51D338006E21C4 /* AppDelegate.m */; };
		C4FBA2931C51D338006E21C4 /* ViewController.m in Sources */ = {isa = PBXBuildFile; fileRef = C4FBA2921C51D338006E21C4 /* ViewController.m */; };
		C4FBA2961C51D338006E21C4 /* Main.storyboard in Resources */ = {isa = PBXBuildFile; fileRef = C4FBA2941C51D338006E21C4 /* Main.storyboard */; };
		C4FBA2981C51D338006E21C4 /* Images.xcassets in Resources */ = {isa = PBXBuildFile; fileRef = C4FBA2971C51D338006E21C4 /* Images.xcassets */; };
		C4FBA29B1C51D338006E21C4 /* LaunchScreen.xib in Resources */ = {isa = PBXBuildFile; fileRef = C4FBA2991C51D338006E21C4 /* LaunchScreen.xib */; };
		C4FBA2A71C51D338006E21C4 /* LearnCocoaTests.m in Sources */ = {isa = PBXBuildFile; fileRef = C4FBA2A61C51D338006E21C4 /* LearnCocoaTests.m */; };
/* End PBXBuildFile section */

/* Begin PBXContainerItemProxy section */
		C4FBA2A11C51D338006E21C4 /* PBXContainerItemProxy */ = {
			isa = PBXContainerItemProxy;
			containerPortal = C4FBA27F1C51D337006E21C4 /* Project object */;
			proxyType = 1;
			remoteGlobalIDString = C4FBA2861C51D338006E21C4;
			remoteInfo = LearnCocoa;
		};
/* End PBXContainerItemProxy section */

/* Begin PBXFileReference section */
		C4FBA2871C51D338006E21C4 /* LearnCocoa.app */ = {isa = PBXFileReference; explicitFileType = wrapper.application; includeInIndex = 0; path = LearnCocoa.app; sourceTree = BUILT_PRODUCTS_DIR; };
		C4FBA28B1C51D338006E21C4 /* Info.plist */ = {isa = PBXFileReference; lastKnownFileType = text.plist.xml; path = Info.plist; sourceTree = "<group>"; };
		C4FBA28C1C51D338006E21C4 /* main.m */ = {isa = PBXFileReference; lastKnownFileType = sourcecode.c.objc; path = main.m; sourceTree = "<group>"; };
		C4FBA28E1C51D338006E21C4 /* AppDelegate.h */ = {isa = PBXFileReference; lastKnownFileType = sourcecode.c.h; path = AppDelegate.h; sourceTree = "<group>"; };
		C4FBA28F1C51D338006E21C4 /* AppDelegate.m */ = {isa = PBXFileReference; lastKnownFileType = sourcecode.c.objc; path = AppDelegate.m; sourceTree = "<group>"; };
		C4FBA2911C51D338006E21C4 /* ViewController.h */ = {isa = PBXFileReference; lastKnownFileType = sourcecode.c.h; path = ViewController.h; sourceTree = "<group>"; };
		C4FBA2921C51D338006E21C4 /* ViewController.m */ = {isa = PBXFileReference; lastKnownFileType = sourcecode.c.objc; path = ViewController.m; sourceTree = "<group>"; };
		C4FBA2951C51D338006E21C4 /* Base */ = {isa = PBXFileReference; lastKnownFileType = file.storyboard; name = Base; path = Base.lproj/Main.storyboard; sourceTree = "<group>"; };
		C4FBA2971C51D338006E21C4 /* Images.xcassets */ = {isa = PBXFileReference; lastKnownFileType = folder.assetcatalog; path = Images.xcassets; sourceTree = "<group>"; };
		C4FBA29A1C51D338006E21C4 /* Base */ = {isa = PBXFileReference; lastKnownFileType = file.xib; name = Base; path = Base.lproj/LaunchScreen.xib; sourceTree = "<group>"; };
		C4FBA2A01C51D338006E21C4 /* LearnCocoaTests.xctest */ = {isa = PBXFileReference; explicitFileType = wrapper.cfbundle; includeInIndex = 0; path = LearnCocoaTests.xctest; sourceTree = BUILT_PRODUCTS_DIR; };
		C4FBA2A51C51D338006E21C4 /* Info.plist */ = {isa = PBXFileReference; lastKnownFileType = text.plist.xml; path = Info.plist; sourceTree = "<group>"; };
		C4FBA2A61C51D338006E21C4 /* LearnCocoaTests.m */ = {isa = PBXFileReference; lastKnownFileType = sourcecode.c.objc; path = LearnCocoaTests.m; sourceTree = "<group>"; };
/* End PBXFileReference section */

/* Begin PBXFrameworksBuildPhase section */
		C4FBA2841C51D338006E21C4 /* Frameworks */ = {
			isa = PBXFrameworksBuildPhase;
			buildActionMask = 2147483647;
			files = (
			);
			runOnlyForDeploymentPostprocessing = 0;
		};
		C4FBA29D1C51D338006E21C4 /* Frameworks */ = {
			isa = PBXFrameworksBuildPhase;
			buildActionMask = 2147483647;
			files = (
			);
			runOnlyForDeploymentPostprocessing = 0;
		};
/* End PBXFrameworksBuildPhase section */

/* Begin PBXGroup section */
		C4FBA27E1C51D337006E21C4 = {
			isa = PBXGroup;
			children = (
				C4FBA2891C51D338006E21C4 /* LearnCocoa */,
				C4FBA2A31C51D338006E21C4 /* LearnCocoaTests */,
				C4FBA2881C51D338006E21C4 /* Products */,
			);
			sourceTree = "<group>";
		};
		C4FBA2881C51D338006E21C4 /* Products */ = {
			isa = PBXGroup;
			children = (
				C4FBA2871C51D338006E21C4 /* LearnCocoa.app */,
				C4FBA2A01C51D338006E21C4 /* LearnCocoaTests.xctest */,
			);
			name = Products;
			sourceTree = "<group>";
		};
		C4FBA2891C51D338006E21C4 /* LearnCocoa */ = {
			isa = PBXGroup;
			children = (
				C4FBA28E1C51D338006E21C4 /* AppDelegate.h */,
				C4FBA28F1C51D338006E21C4 /* AppDelegate.m */,
				C4FBA2911C51D338006E21C4 /* ViewController.h */,
				C4FBA2921C51D338006E21C4 /* ViewController.m */,
				C4FBA2941C51D338006E21C4 /* Main.storyboard */,
				C4FBA2971C51D338006E21C4 /* Images.xcassets */,
				C4FBA2991C51D338006E21C4 /* LaunchScreen.xib */,
				C4FBA28A1C51D338006E21C4 /* Supporting Files */,
			);
			path = LearnCocoa;
			sourceTree = "<group>";
		};
		C4FBA28A1C51D338006E21C4 /* Supporting Files */ = {
			isa = PBXGroup;
			children = (
				C4FBA28B1C51D338006E21C4 /* Info.plist */,
				C4FBA28C1C51D338006E21C4 /* main.m */,
			);
			name = "Supporting Files";
			sourceTree = "<group>";
		};
		C4FBA2A31C51D338006E21C4 /* LearnCocoaTests */ = {
			isa = PBXGroup;
			children = (
				C4FBA2A61C51D338006E21C4 /* LearnCocoaTests.m */,
				C4FBA2A41C51D338006E21C4 /* Supporting Files */,
			);
			path = LearnCocoaTests;
			sourceTree = "<group>";
		};
		C4FBA2A41C51D338006E21C4 /* Supporting Files */ = {
			isa = PBXGroup;
			children = (
				C4FBA2A51C51D338006E21C4 /* Info.plist */,
			);
			name = "Supporting Files";
			sourceTree = "<group>";
		};
/* End PBXGroup section */

/* Begin PBXNativeTarget section */
		C4FBA2861C51D338006E21C4 /* LearnCocoa */ = {
			isa = PBXNativeTarget;
			buildConfigurationList = C4FBA2AA1C51D338006E21C4 /* Build configuration list for PBXNativeTarget "LearnCocoa" */;
			buildPhases = (
				C4FBA2831C51D338006E21C4 /* Sources */,
				C4FBA2841C51D338006E21C4 /* Frameworks */,
				C4FBA2851C51D338006E21C4 /* Resources */,
			);
			buildRules = (
			);
			dependencies = (
			);
			name = LearnCocoa;
			productName = LearnCocoa;
			productReference = C4FBA2871C51D338006E21C4 /* LearnCocoa.app */;
			productType = "com.apple.product-type.application";
		};
		C4FBA29F1C51D338006E21C4 /* LearnCocoaTests */ = {
			isa = PBXNativeTarget;
			buildConfigurationList = C4FBA2AD1C51D338006E21C4 /* Build configuration list for PBXNativeTarget "LearnCocoaTests" */;
			buildPhases = (
				C4FBA29C1C51D338006E21C4 /* Sources */,
				C4FBA29D1C51D338006E21C4 /* Frameworks */,
				C4FBA29E1C51D338006E21C4 /* Resources */,
			);
			buildRules = (
			);
			dependencies = (
				C4FBA2A21C51D338006E21C4 /* PBXTargetDependency */,
			);
			name = LearnCocoaTests;
			productName = LearnCocoaTests;
			productReference = C4FBA2A01C51D338006E21C4 /* LearnCocoaTests.xctest */;
			productType = "com.apple.product-type.bundle.unit-test";
		};
/* End PBXNativeTarget section */

/* Begin PBXProject section */
		C4FBA27F1C51D337006E21C4 /* Project object */ = {
			isa = PBXProject;
			attributes = {
				LastUpgradeCheck = 0620;
				ORGANIZATIONNAME = com.dreamsoft;
				TargetAttributes = {
					C4FBA2861C51D338006E21C4 = {
						CreatedOnToolsVersion = 6.2;
					};
					C4FBA29F1C51D338006E21C4 = {
						CreatedOnToolsVersion = 6.2;
						TestTargetID = C4FBA2861C51D338006E21C4;
					};
				};
			};
			buildConfigurationList = C4FBA2821C51D337006E21C4 /* Build configuration list for PBXProject "LearnCocoa" */;
			compatibilityVersion = "Xcode 3.2";
			developmentRegion = English;
			hasScannedForEncodings = 0;
			knownRegions = (
				en,
				Base,
			);
			mainGroup = C4FBA27E1C51D337006E21C4;
			productRefGroup = C4FBA2881C51D338006E21C4 /* Products */;
			projectDirPath = "";
			projectRoot = "";
			targets = (
				C4FBA2861C51D338006E21C4 /* LearnCocoa */,
				C4FBA29F1C51D338006E21C4 /* LearnCocoaTests */,
			);
		};
/* End PBXProject section */

/* Begin PBXResourcesBuildPhase section */
		C4FBA2851C51D338006E21C4 /* Resources */ = {
			isa = PBXResourcesBuildPhase;
			buildActionMask = 2147483647;
			files = (
				C4FBA2961C51D338006E21C4 /* Main.storyboard in Resources */,
				C4FBA29B1C51D338006E21C4 /* LaunchScreen.xib in Resources */,
				C4FBA2981C51D338006E21C4 /* Images.xcassets in Resources */,
			);
			runOnlyForDeploymentPostprocessing = 0;
		};
		C4FBA29E1C51D338006E21C4 /* Resources */ = {
			isa = PBXResourcesBuildPhase;
			buildActionMask = 2147483647;
			files = (
			);
			runOnlyForDeploymentPostprocessing = 0;
		};
/* End PBXResourcesBuildPhase section */

/* Begin PBXSourcesBuildPhase section */
		C4FBA2831C51D338006E21C4 /* Sources */ = {
			isa = PBXSourcesBuildPhase;
			buildActionMask = 2147483647;
			files = (
				C4FBA2931C51D338006E21C4 /* ViewController.m in Sources */,
				C4FBA2901C51D338006E21C4 /* AppDelegate.m in Sources */,
				C4FBA28D1C51D338006E21C4 /* main.m in Sources */,
			);
			runOnlyForDeploymentPostprocessing = 0;
		};
		C4FBA29C1C51D338006E21C4 /* Sources */ = {
			isa = PBXSourcesBuildPhase;
			buildActionMask = 2147483647;
			files = (
				C4FBA2A71C51D338006E21C4 /* LearnCocoaTests.m in Sources */,
			);
			runOnlyForDeploymentPostprocessing = 0;
		};
/* End PBXSourcesBuildPhase section */

/* Begin PBXTargetDependency section */
		C4FBA2A21C51D338006E21C4 /* PBXTargetDependency */ = {
			isa = PBXTargetDependency;
			target = C4FBA2861C51D338006E21C4 /* LearnCocoa */;
			targetProxy = C4FBA2A11C51D338006E21C4 /* PBXContainerItemProxy */;
		};
/* End PBXTargetDependency section */

/* Begin PBXVariantGroup section */
		C4FBA2941C51D338006E21C4 /* Main.storyboard */ = {
			isa = PBXVariantGroup;
			children = (
				C4FBA2951C51D338006E21C4 /* Base */,
			);
			name = Main.storyboard;
			sourceTree = "<group>";
		};
		C4FBA2991C51D338006E21C4 /* LaunchScreen.xib */ = {
			isa = PBXVariantGroup;
			children = (
				C4FBA29A1C51D338006E21C4 /* Base */,
			);
			name = LaunchScreen.xib;
			sourceTree = "<group>";
		};
/* End PBXVariantGroup section */

/* Begin XCBuildConfiguration section */
		C4FBA2A81C51D338006E21C4 /* Debug */ = {
			isa = XCBuildConfiguration;
			buildSettings = {
				ALWAYS_SEARCH_USER_PATHS = NO;
				CLANG_CXX_LANGUAGE_STANDARD = "gnu++0x";
				CLANG_CXX_LIBRARY = "libc++";
				CLANG_ENABLE_MODULES = YES;
				CLANG_ENABLE_OBJC_ARC = YES;
				CLANG_WARN_BOOL_CONVERSION = YES;
				CLANG_WARN_CONSTANT_CONVERSION = YES;
				CLANG_WARN_DIRECT_OBJC_ISA_USAGE = YES_ERROR;
				CLANG_WARN_EMPTY_BODY = YES;
				CLANG_WARN_ENUM_CONVERSION = YES;
				CLANG_WARN_INT_CONVERSION = YES;
				CLANG_WARN_OBJC_ROOT_CLASS = YES_ERROR;
				CLANG_WARN_UNREACHABLE_CODE = YES;
				CLANG_WARN__DUPLICATE_METHOD_MATCH = YES;
				"CODE_SIGN_IDENTITY[sdk=iphoneos*]" = "iPhone Developer";
				COPY_PHASE_STRIP = NO;
				ENABLE_STRICT_OBJC_MSGSEND = YES;
				GCC_C_LANGUAGE_STANDARD = gnu99;
				GCC_DYNAMIC_NO_PIC = NO;
				GCC_OPTIMIZATION_LEVEL = 0;
				GCC_PREPROCESSOR_DEFINITIONS = (
					"DEBUG=1",
					"$(inherited)",
				);
				GCC_SYMBOLS_PRIVATE_EXTERN = NO;
				GCC_WARN_64_TO_32_BIT_CONVERSION = YES;
				GCC_WARN_ABOUT_RETURN_TYPE = YES_ERROR;
				GCC_WARN_UNDECLARED_SELECTOR = YES;
				GCC_WARN_UNINITIALIZED_AUTOS = YES_AGGRESSIVE;
				GCC_WARN_UNUSED_FUNCTION = YES;
				GCC_WARN_UNUSED_VARIABLE = YES;
				IPHONEOS_DEPLOYMENT_TARGET = 8.2;
				MTL_ENABLE_DEBUG_INFO = YES;
				ONLY_ACTIVE_ARCH = YES;
				SDKROOT = iphoneos;
				TARGETED_DEVICE_FAMILY = "1,2";
			};
			name = Debug;
		};
		C4FBA2A91C51D338006E21C4 /* Release */ = {
			isa = XCBuildConfiguration;
			buildSettings = {
				ALWAYS_SEARCH_USER_PATHS = NO;
				CLANG_CXX_LANGUAGE_STANDARD = "gnu++0x";
				CLANG_CXX_LIBRARY = "libc++";
				CLANG_ENABLE_MODULES = YES;
				CLANG_ENABLE_OBJC_ARC = YES;
				CLANG_WARN_BOOL_CONVERSION = YES;
				CLANG_WARN_CONSTANT_CONVERSION = YES;
				CLANG_WARN_DIRECT_OBJC_ISA_USAGE = YES_ERROR;
				CLANG_WARN_EMPTY_BODY = YES;
				CLANG_WARN_ENUM_CONVERSION = YES;
				CLANG_WARN_INT_CONVERSION = YES;
				CLANG_WARN_OBJC_ROOT_CLASS = YES_ERROR;
				CLANG_WARN_UNREACHABLE_CODE = YES;
				CLANG_WARN__DUPLICATE_METHOD_MATCH = YES;
				"CODE_SIGN_IDENTITY[sdk=iphoneos*]" = "iPhone Developer";
				COPY_PHASE_STRIP = NO;
				ENABLE_NS_ASSERTIONS = NO;
				ENABLE_STRICT_OBJC_MSGSEND = YES;
				GCC_C_LANGUAGE_STANDARD = gnu99;
				GCC_WARN_64_TO_32_BIT_CONVERSION = YES;
				GCC_WARN_ABOUT_RETURN_TYPE = YES_ERROR;
				GCC_WARN_UNDECLARED_SELECTOR = YES;
				GCC_WARN_UNINITIALIZED_AUTOS = YES_AGGRESSIVE;
				GCC_WARN_UNUSED_FUNCTION = YES;
				GCC_WARN_UNUSED_VARIABLE = YES;
				IPHONEOS_DEPLOYMENT_TARGET = 8.2;
				MTL_ENABLE_DEBUG_INFO = NO;
				SDKROOT = iphoneos;
				TARGETED_DEVICE_FAMILY = "1,2";
				VALIDATE_PRODUCT = YES;
			};
			name = Release;
		};
		C4FBA2AB1C51D338006E21C4 /* Debug */ = {
			isa = XCBuildConfiguration;
			buildSettings = {
				ASSETCATALOG_COMPILER_APPICON_NAME = AppIcon;
				INFOPLIST_FILE = LearnCocoa/Info.plist;
				LD_RUNPATH_SEARCH_PATHS = "$(inherited) @executable_path/Frameworks";
				PRODUCT_NAME = "$(TARGET_NAME)";
			};
			name = Debug;
		};
		C4FBA2AC1C51D338006E21C4 /* Release */ = {
			isa = XCBuildConfiguration;
			buildSettings = {
				ASSETCATALOG_COMPILER_APPICON_NAME = AppIcon;
				INFOPLIST_FILE = LearnCocoa/Info.plist;
				LD_RUNPATH_SEARCH_PATHS = "$(inherited) @executable_path/Frameworks";
				PRODUCT_NAME = "$(TARGET_NAME)";
			};
			name = Release;
		};
		C4FBA2AE1C51D338006E21C4 /* Debug */ = {
			isa = XCBuildConfiguration;
			buildSettings = {
				BUNDLE_LOADER = "$(TEST_HOST)";
				FRAMEWORK_SEARCH_PATHS = (
					"$(SDKROOT)/Developer/Library/Frameworks",
					"$(inherited)",
				);
				GCC_PREPROCESSOR_DEFINITIONS = (
					"DEBUG=1",
					"$(inherited)",
				);
				INFOPLIST_FILE = LearnCocoaTests/Info.plist;
				LD_RUNPATH_SEARCH_PATHS = "$(inherited) @executable_path/Frameworks @loader_path/Frameworks";
				PRODUCT_NAME = "$(TARGET_NAME)";
				TEST_HOST = "$(BUILT_PRODUCTS_DIR)/LearnCocoa.app/LearnCocoa";
			};
			name = Debug;
		};
		C4FBA2AF1C51D338006E21C4 /* Release */ = {
			isa = XCBuildConfiguration;
			buildSettings = {
				BUNDLE_LOADER = "$(TEST_HOST)";
				FRAMEWORK_SEARCH_PATHS = (
					"$(SDKROOT)/Developer/Library/Frameworks",
					"$(inherited)",
				);
				INFOPLIST_FILE = LearnCocoaTests/Info.plist;
				LD_RUNPATH_SEARCH_PATHS = "$(inherited) @executable_path/Frameworks @loader_path/Frameworks";
				PRODUCT_NAME = "$(TARGET_NAME)";
				TEST_HOST = "$(BUILT_PRODUCTS_DIR)/LearnCocoa.app/LearnCocoa";
			};
			name = Release;
		};
/* End XCBuildConfiguration section */

/* Begin XCConfigurationList section */
		C4FBA2821C51D337006E21C4 /* Build configuration list for PBXProject "LearnCocoa" */ = {
			isa = XCConfigurationList;
			buildConfigurations = (
				C4FBA2A81C51D338006E21C4 /* Debug */,
				C4FBA2A91C51D338006E21C4 /* Release */,
			);
			defaultConfigurationIsVisible = 0;
			defaultConfigurationName = Release;
		};
		C4FBA2AA1C51D338006E21C4 /* Build configuration list for PBXNativeTarget "LearnCocoa" */ = {
			isa = XCConfigurationList;
			buildConfigurations = (
				C4FBA2AB1C51D338006E21C4 /* Debug */,
				C4FBA2AC1C51D338006E21C4 /* Release */,
			);
			defaultConfigurationIsVisible = 0;
		};
		C4FBA2AD1C51D338006E21C4 /* Build configuration list for PBXNativeTarget "LearnCocoaTests" */ = {
			isa = XCConfigurationList;
			buildConfigurations = (
				C4FBA2AE1C51D338006E21C4 /* Debug */,
				C4FBA2AF1C51D338006E21C4 /* Release */,
			);
			defaultConfigurationIsVisible = 0;
		};
/* End XCConfigurationList section */
	};
	rootObject = C4FBA27F1C51D337006E21C4 /* Project object */;
}
